
Microsoft Visual Studio Solution File, Format Version 12.00
# Visual Studio Version 17
VisualStudioVersion = 17.3.32901.215
MinimumVisualStudioVersion = 10.0.40219.1
Project("{2150E333-8FDC-42A3-9474-1A3956D46DE8}") = "Services", "Services", "{E07F87DD-FFDA-433E-9C72-B015CF9BB514}"
EndProject
Project("{2150E333-8FDC-42A3-9474-1A3956D46DE8}") = "Catalog", "Catalog", "{858A9181-5C43-4BB5-8C80-FA8706FDA140}"
EndProject
Project("{9A19103F-16F7-4668-BE54-9A1E7A4F7556}") = "Catalog.API", "Services\Catalog\Catalog.API\Catalog.API.csproj", "{1C4950A6-C45F-4920-B0BB-B709E88547DA}"
EndProject
Project("{E53339B2-1760-4266-BCC7-CA923CBCF16C}") = "docker-compose", "docker-compose.dcproj", "{C2876B96-18F1-41A8-86A2-C9FBAD2F0AA2}"
EndProject
Global
	GlobalSection(SolutionConfigurationPlatforms) = preSolution
		Debug|Any CPU = Debug|Any CPU
		Release|Any CPU = Release|Any CPU
	EndGlobalSection
	GlobalSection(ProjectConfigurationPlatforms) = postSolution
		{1C4950A6-C45F-4920-B0BB-B709E88547DA}.Debug|Any CPU.ActiveCfg = Debug|Any CPU
		{1C4950A6-C45F-4920-B0BB-B709E88547DA}.Debug|Any CPU.Build.0 = Debug|Any CPU
		{1C4950A6-C45F-4920-B0BB-B709E88547DA}.Release|Any CPU.ActiveCfg = Release|Any CPU
		{1C4950A6-C45F-4920-B0BB-B709E88547DA}.Release|Any CPU.Build.0 = Release|Any CPU
		{C2876B96-18F1-41A8-86A2-C9FBAD2F0AA2}.Debug|Any CPU.ActiveCfg = Debug|Any CPU
		{C2876B96-18F1-41A8-86A2-C9FBAD2F0AA2}.Debug|Any CPU.Build.0 = Debug|Any CPU
		{C2876B96-18F1-41A8-86A2-C9FBAD2F0AA2}.Release|Any CPU.ActiveCfg = Release|Any CPU
		{C2876B96-18F1-41A8-86A2-C9FBAD2F0AA2}.Release|Any CPU.Build.0 = Release|Any CPU
	EndGlobalSection
	GlobalSection(SolutionProperties) = preSolution
		HideSolutionNode = FALSE
	EndGlobalSection
	GlobalSection(NestedProjects) = preSolution
		{858A9181-5C43-4BB5-8C80-FA8706FDA140} = {E07F87DD-FFDA-433E-9C72-B015CF9BB514}
		{1C4950A6-C45F-4920-B0BB-B709E88547DA} = {858A9181-5C43-4BB5-8C80-FA8706FDA140}
	EndGlobalSection
	GlobalSection(ExtensibilityGlobals) = postSolution
		SolutionGuid = {02E1F913-3052-4F22-8746-EA3516283B66}
	EndGlobalSection
EndGlobal
